<?xml version="1.0" encoding="UTF-8" standalone="yes" ?>
<CodeBlocks_project_file>
	<FileVersion major="1" minor="6" />
	<Project>
		<Option title="Gravastre2.0" />
		<Option pch_mode="2" />
		<Option compiler="gcc" />
		<Build>
			<Target title="Debug">
				<Option output="bin\Debug\libGravastre2" prefix_auto="1" extension_auto="1" />
				<Option working_dir="" />
				<Option object_output="obj\Debug\" />
				<Option type="2" />
				<Option compiler="gcc" />
				<Compiler>
					<Add option="-g" />
					<Add option="-DSFML_DYNAMIC" />
				</Compiler>
				<Linker>
					<Add option="-lsfml-audio-d" />
					<Add option="-lsfml-graphics-d" />
					<Add option="-lsfml-window-d" />
					<Add option="-lsfml-system-d" />
				</Linker>
			</Target>
			<Target title="Release">
				<Option output="bin\Release\Gravastre2" prefix_auto="1" extension_auto="1" />
				<Option working_dir="bin\Release" />
				<Option object_output="obj\Release\" />
				<Option type="1" />
				<Option compiler="gcc" />
				<Compiler>
					<Add option="-O2" />
					<Add option="-DSFML_DYNAMIC" />
				</Compiler>
				<Linker>
					<Add option="-s" />
					<Add option="-lsfml-audio" />
					<Add option="-lsfml-graphics" />
					<Add option="-lsfml-window" />
					<Add option="-lsfml-system" />
				</Linker>
			</Target>
		</Build>
		<Compiler>
			<Add option="-Wall" />
			<Add option="-fexceptions" />
		</Compiler>
		<Unit filename="Astre.cpp" />
		<Unit filename="Astre.h" />
		<Unit filename="BoiteHauteInterface.cpp" />
		<Unit filename="BoiteHauteInterface.h" />
		<Unit filename="BoiteInfoAstre.cpp" />
		<Unit filename="BoiteInfoAstre.h" />
		<Unit filename="LecteurFichierINI.cpp" />
		<Unit filename="LecteurFichierINI.h" />
		<Unit filename="ReferenceUnivers.cpp" />
		<Unit filename="ReferenceUnivers.h" />
		<Unit filename="RenduGraphique.cpp" />
		<Unit filename="RenduGraphique.h" />
		<Unit filename="Univers.cpp" />
		<Unit filename="Univers.h" />
		<Unit filename="main.cpp" />
		<Unit filename="main.h" />
		<Extensions>
			<code_completion />
			<debugger />
		</Extensions>
	</Project>
</CodeBlocks_project_file>
